<?xml version="1.0" encoding="utf-8"?>
<Project ToolsVersion="4.0" xmlns="http://schemas.microsoft.com/developer/msbuild/2003">
  <ItemGroup>
    <Filter Include="Generated Files">
      <UniqueIdentifier>{71ED8ED8-ACB9-4CE9-BBE1-E00B30144E11}</UniqueIdentifier>
      <Extensions>cpp;c;cxx;moc;h;def;odl;idl;res;</Extensions>
    </Filter>
    <Filter Include="Generated Files">
      <UniqueIdentifier>{71ED8ED8-ACB9-4CE9-BBE1-E00B30144E11}</UniqueIdentifier>
      <Extensions>cpp;c;cxx;moc;h;def;odl;idl;res;</Extensions>
    </Filter>
    <Filter Include="Header Files">
      <UniqueIdentifier>{93995380-89BD-4b04-88EB-625FBE52EBFB}</UniqueIdentifier>
      <Extensions>h;hpp;hxx;hm;inl;inc;xsd</Extensions>
    </Filter>
    <Filter Include="Header Files">
      <UniqueIdentifier>{93995380-89BD-4b04-88EB-625FBE52EBFB}</UniqueIdentifier>
      <Extensions>h;hpp;hxx;hm;inl;inc;xsd</Extensions>
    </Filter>
    <Filter Include="Source Files">
      <UniqueIdentifier>{4FC737F1-C7A5-4376-A066-2A32D752A2FF}</UniqueIdentifier>
      <Extensions>cpp;c;cxx;def;odl;idl;hpj;bat;asm;asmx</Extensions>
    </Filter>
    <Filter Include="Source Files">
      <UniqueIdentifier>{4FC737F1-C7A5-4376-A066-2A32D752A2FF}</UniqueIdentifier>
      <Extensions>cpp;c;cxx;def;odl;idl;hpj;bat;asm;asmx</Extensions>
    </Filter>
  </ItemGroup>
  <ItemGroup>
    <ClCompile Include="..\3rdparty\zlib\adler32.c">
      <Filter>Source Files</Filter>
    </ClCompile>
    <ClCompile Include="..\3rdparty\zlib\compress.c">
      <Filter>Source Files</Filter>
    </ClCompile>
    <ClCompile Include="..\3rdparty\zlib\crc32.c">
      <Filter>Source Files</Filter>
    </ClCompile>
    <ClCompile Include="..\3rdparty\zlib\deflate.c">
      <Filter>Source Files</Filter>
    </ClCompile>
    <ClCompile Include="..\..\tools\shared\symbian\epocroot.cpp">
      <Filter>Source Files</Filter>
    </ClCompile>
    <ClCompile Include="..\3rdparty\zlib\gzclose.c">
      <Filter>Source Files</Filter>
    </ClCompile>
    <ClCompile Include="..\3rdparty\zlib\gzlib.c">
      <Filter>Source Files</Filter>
    </ClCompile>
    <ClCompile Include="..\3rdparty\zlib\gzread.c">
      <Filter>Source Files</Filter>
    </ClCompile>
    <ClCompile Include="..\3rdparty\zlib\gzwrite.c">
      <Filter>Source Files</Filter>
    </ClCompile>
    <ClCompile Include="..\3rdparty\harfbuzz\src\harfbuzz-buffer.c">
      <Filter>Source Files</Filter>
    </ClCompile>
    <ClCompile Include="..\3rdparty\harfbuzz\src\harfbuzz-gdef.c">
      <Filter>Source Files</Filter>
    </ClCompile>
    <ClCompile Include="..\3rdparty\harfbuzz\src\harfbuzz-gpos.c">
      <Filter>Source Files</Filter>
    </ClCompile>
    <ClCompile Include="..\3rdparty\harfbuzz\src\harfbuzz-gsub.c">
      <Filter>Source Files</Filter>
    </ClCompile>
    <ClCompile Include="..\3rdparty\harfbuzz\src\harfbuzz-impl.c">
      <Filter>Source Files</Filter>
    </ClCompile>
    <ClCompile Include="..\3rdparty\harfbuzz\src\harfbuzz-open.c">
      <Filter>Source Files</Filter>
    </ClCompile>
    <ClCompile Include="..\3rdparty\harfbuzz\src\harfbuzz-shaper-all.cpp">
      <Filter>Source Files</Filter>
    </ClCompile>
    <ClCompile Include="..\3rdparty\harfbuzz\src\harfbuzz-stream.c">
      <Filter>Source Files</Filter>
    </ClCompile>
    <ClCompile Include="..\3rdparty\zlib\infback.c">
      <Filter>Source Files</Filter>
    </ClCompile>
    <ClCompile Include="..\3rdparty\zlib\inffast.c">
      <Filter>Source Files</Filter>
    </ClCompile>
    <ClCompile Include="..\3rdparty\zlib\inflate.c">
      <Filter>Source Files</Filter>
    </ClCompile>
    <ClCompile Include="..\3rdparty\zlib\inftrees.c">
      <Filter>Source Files</Filter>
    </ClCompile>
    <ClCompile Include="animation\qabstractanimation.cpp">
      <Filter>Source Files</Filter>
    </ClCompile>
    <ClCompile Include="kernel\qabstracteventdispatcher.cpp">
      <Filter>Source Files</Filter>
    </ClCompile>
    <ClCompile Include="io\qabstractfileengine.cpp">
      <Filter>Source Files</Filter>
    </ClCompile>
    <ClCompile Include="kernel\qabstractitemmodel.cpp">
      <Filter>Source Files</Filter>
    </ClCompile>
    <ClCompile Include="statemachine\qabstractstate.cpp">
      <Filter>Source Files</Filter>
    </ClCompile>
    <ClCompile Include="statemachine\qabstracttransition.cpp">
      <Filter>Source Files</Filter>
    </ClCompile>
    <ClCompile Include="animation\qanimationgroup.cpp">
      <Filter>Source Files</Filter>
    </ClCompile>
    <ClCompile Include="thread\qatomic.cpp">
      <Filter>Source Files</Filter>
    </ClCompile>
    <ClCompile Include="kernel\qbasictimer.cpp">
      <Filter>Source Files</Filter>
    </ClCompile>
    <ClCompile Include="tools\qbitarray.cpp">
      <Filter>Source Files</Filter>
    </ClCompile>
    <ClCompile Include="io\qbuffer.cpp">
      <Filter>Source Files</Filter>
    </ClCompile>
    <ClCompile Include="tools\qbytearray.cpp">
      <Filter>Source Files</Filter>
    </ClCompile>
    <ClCompile Include="tools\qbytearraymatcher.cpp">
      <Filter>Source Files</Filter>
    </ClCompile>
    <ClCompile Include="tools\qcontiguouscache.cpp">
      <Filter>Source Files</Filter>
    </ClCompile>
    <ClCompile Include="kernel\qcoreapplication.cpp">
      <Filter>Source Files</Filter>
    </ClCompile>
    <ClCompile Include="kernel\qcoreapplication_win.cpp">
      <Filter>Source Files</Filter>
    </ClCompile>
    <ClCompile Include="kernel\qcoreevent.cpp">
      <Filter>Source Files</Filter>
    </ClCompile>
    <ClCompile Include="kernel\qcoreglobaldata.cpp">
      <Filter>Source Files</Filter>
    </ClCompile>
    <ClCompile Include="tools\qcryptographichash.cpp">
      <Filter>Source Files</Filter>
    </ClCompile>
    <ClCompile Include="io\qdatastream.cpp">
      <Filter>Source Files</Filter>
    </ClCompile>
    <ClCompile Include="io\qdataurl.cpp">
      <Filter>Source Files</Filter>
    </ClCompile>
    <ClCompile Include="tools\qdatetime.cpp">
      <Filter>Source Files</Filter>
    </ClCompile>
    <ClCompile Include="io\qdebug.cpp">
      <Filter>Source Files</Filter>
    </ClCompile>
    <ClCompile Include="io\qdir.cpp">
      <Filter>Source Files</Filter>
    </ClCompile>
    <ClCompile Include="io\qdiriterator.cpp">
      <Filter>Source Files</Filter>
    </ClCompile>
    <ClCompile Include="tools\qeasingcurve.cpp">
      <Filter>Source Files</Filter>
    </ClCompile>
    <ClCompile Include="tools\qelapsedtimer.cpp">
      <Filter>Source Files</Filter>
    </ClCompile>
    <ClCompile Include="tools\qelapsedtimer_win.cpp">
      <Filter>Source Files</Filter>
    </ClCompile>
    <ClCompile Include="plugin\qelfparser_p.cpp">
      <Filter>Source Files</Filter>
    </ClCompile>
    <ClCompile Include="kernel\qeventdispatcher_win.cpp">
      <Filter>Source Files</Filter>
    </ClCompile>
    <ClCompile Include="kernel\qeventloop.cpp">
      <Filter>Source Files</Filter>
    </ClCompile>
    <ClCompile Include="statemachine\qeventtransition.cpp">
      <Filter>Source Files</Filter>
    </ClCompile>
    <ClCompile Include="plugin\qfactoryloader.cpp">
      <Filter>Source Files</Filter>
    </ClCompile>
    <ClCompile Include="io\qfile.cpp">
      <Filter>Source Files</Filter>
    </ClCompile>
    <ClCompile Include="io\qfileinfo.cpp">
      <Filter>Source Files</Filter>
    </ClCompile>
    <ClCompile Include="io\qfilesystemengine.cpp">
      <Filter>Source Files</Filter>
    </ClCompile>
    <ClCompile Include="io\qfilesystemengine_win.cpp">
      <Filter>Source Files</Filter>
    </ClCompile>
    <ClCompile Include="io\qfilesystementry.cpp">
      <Filter>Source Files</Filter>
    </ClCompile>
    <ClCompile Include="io\qfilesystemiterator_win.cpp">
      <Filter>Source Files</Filter>
    </ClCompile>
    <ClCompile Include="io\qfilesystemwatcher.cpp">
      <Filter>Source Files</Filter>
    </ClCompile>
    <ClCompile Include="io\qfilesystemwatcher_win.cpp">
      <Filter>Source Files</Filter>
    </ClCompile>
    <ClCompile Include="statemachine\qfinalstate.cpp">
      <Filter>Source Files</Filter>
    </ClCompile>
    <ClCompile Include="io\qfsfileengine.cpp">
      <Filter>Source Files</Filter>
    </ClCompile>
    <ClCompile Include="io\qfsfileengine_iterator.cpp">
      <Filter>Source Files</Filter>
    </ClCompile>
    <ClCompile Include="io\qfsfileengine_win.cpp">
      <Filter>Source Files</Filter>
    </ClCompile>
    <ClCompile Include="concurrent\qfuture.cpp">
      <Filter>Source Files</Filter>
    </ClCompile>
    <ClCompile Include="concurrent\qfutureinterface.cpp">
      <Filter>Source Files</Filter>
    </ClCompile>
    <ClCompile Include="concurrent\qfuturesynchronizer.cpp">
      <Filter>Source Files</Filter>
    </ClCompile>
    <ClCompile Include="concurrent\qfuturewatcher.cpp">
      <Filter>Source Files</Filter>
    </ClCompile>
    <ClCompile Include="global\qglobal.cpp">
      <Filter>Source Files</Filter>
    </ClCompile>
    <ClCompile Include="tools\qharfbuzz.cpp">
      <Filter>Source Files</Filter>
    </ClCompile>
    <ClCompile Include="tools\qhash.cpp">
      <Filter>Source Files</Filter>
    </ClCompile>
    <ClCompile Include="statemachine\qhistorystate.cpp">
      <Filter>Source Files</Filter>
    </ClCompile>
    <ClCompile Include="io\qiodevice.cpp">
      <Filter>Source Files</Filter>
    </ClCompile>
    <ClCompile Include="codecs\qisciicodec.cpp">
      <Filter>Source Files</Filter>
    </ClCompile>
    <ClCompile Include="codecs\qlatincodec.cpp">
      <Filter>Source Files</Filter>
    </ClCompile>
    <ClCompile Include="plugin\qlibrary.cpp">
      <Filter>Source Files</Filter>
    </ClCompile>
    <ClCompile Include="plugin\qlibrary_win.cpp">
      <Filter>Source Files</Filter>
    </ClCompile>
    <ClCompile Include="global\qlibraryinfo.cpp">
      <Filter>Source Files</Filter>
    </ClCompile>
    <ClCompile Include="tools\qline.cpp">
      <Filter>Source Files</Filter>
    </ClCompile>
    <ClCompile Include="tools\qlinkedlist.cpp">
      <Filter>Source Files</Filter>
    </ClCompile>
    <ClCompile Include="tools\qlist.cpp">
      <Filter>Source Files</Filter>
    </ClCompile>
    <ClCompile Include="tools\qlocale.cpp">
      <Filter>Source Files</Filter>
    </ClCompile>
    <ClCompile Include="tools\qlocale_tools.cpp">
      <Filter>Source Files</Filter>
    </ClCompile>
    <ClCompile Include="tools\qlocale_win.cpp">
      <Filter>Source Files</Filter>
    </ClCompile>
    <ClCompile Include="global\qmalloc.cpp">
      <Filter>Source Files</Filter>
    </ClCompile>
    <ClCompile Include="tools\qmap.cpp">
      <Filter>Source Files</Filter>
    </ClCompile>
    <ClCompile Include="tools\qmargins.cpp">
      <Filter>Source Files</Filter>
    </ClCompile>
    <ClCompile Include="kernel\qmath.cpp">
      <Filter>Source Files</Filter>
    </ClCompile>
    <ClCompile Include="kernel\qmetaobject.cpp">
      <Filter>Source Files</Filter>
    </ClCompile>
    <ClCompile Include="kernel\qmetatype.cpp">
      <Filter>Source Files</Filter>
    </ClCompile>
    <ClCompile Include="kernel\qmimedata.cpp">
      <Filter>Source Files</Filter>
    </ClCompile>
    <ClCompile Include="thread\qmutex.cpp">
      <Filter>Source Files</Filter>
    </ClCompile>
    <ClCompile Include="thread\qmutex_win.cpp">
      <Filter>Source Files</Filter>
    </ClCompile>
    <ClCompile Include="thread\qmutexpool.cpp">
      <Filter>Source Files</Filter>
    </ClCompile>
    <ClCompile Include="io\qnoncontiguousbytedevice.cpp">
      <Filter>Source Files</Filter>
    </ClCompile>
    <ClCompile Include="global\qnumeric.cpp">
      <Filter>Source Files</Filter>
    </ClCompile>
    <ClCompile Include="kernel\qobject.cpp">
      <Filter>Source Files</Filter>
    </ClCompile>
    <ClCompile Include="kernel\qobjectcleanuphandler.cpp">
      <Filter>Source Files</Filter>
    </ClCompile>
    <ClCompile Include="animation\qparallelanimationgroup.cpp">
      <Filter>Source Files</Filter>
    </ClCompile>
    <ClCompile Include="animation\qpauseanimation.cpp">
      <Filter>Source Files</Filter>
    </ClCompile>
    <ClCompile Include="plugin\qpluginloader.cpp">
      <Filter>Source Files</Filter>
    </ClCompile>
    <ClCompile Include="tools\qpoint.cpp">
      <Filter>Source Files</Filter>
    </ClCompile>
    <ClCompile Include="kernel\qpointer.cpp">
      <Filter>Source Files</Filter>
    </ClCompile>
    <ClCompile Include="io\qprocess.cpp">
      <Filter>Source Files</Filter>
    </ClCompile>
    <ClCompile Include="io\qprocess_win.cpp">
      <Filter>Source Files</Filter>
    </ClCompile>
    <ClCompile Include="animation\qpropertyanimation.cpp">
      <Filter>Source Files</Filter>
    </ClCompile>
    <ClCompile Include="thread\qreadwritelock.cpp">
      <Filter>Source Files</Filter>
    </ClCompile>
    <ClCompile Include="tools\qrect.cpp">
      <Filter>Source Files</Filter>
    </ClCompile>
    <ClCompile Include="tools\qregexp.cpp">
      <Filter>Source Files</Filter>
    </ClCompile>
    <ClCompile Include="io\qresource.cpp">
      <Filter>Source Files</Filter>
    </ClCompile>
    <ClCompile Include="io\qresource_iterator.cpp">
      <Filter>Source Files</Filter>
    </ClCompile>
    <ClCompile Include="concurrent\qrunnable.cpp">
      <Filter>Source Files</Filter>
    </ClCompile>
    <ClCompile Include="thread\qsemaphore.cpp">
      <Filter>Source Files</Filter>
    </ClCompile>
    <ClCompile Include="animation\qsequentialanimationgroup.cpp">
      <Filter>Source Files</Filter>
    </ClCompile>
    <ClCompile Include="io\qsettings.cpp">
      <Filter>Source Files</Filter>
    </ClCompile>
    <ClCompile Include="io\qsettings_win.cpp">
      <Filter>Source Files</Filter>
    </ClCompile>
    <ClCompile Include="tools\qshareddata.cpp">
      <Filter>Source Files</Filter>
    </ClCompile>
    <ClCompile Include="kernel\qsharedmemory.cpp">
      <Filter>Source Files</Filter>
    </ClCompile>
    <ClCompile Include="kernel\qsharedmemory_win.cpp">
      <Filter>Source Files</Filter>
    </ClCompile>
    <ClCompile Include="tools\qsharedpointer.cpp">
      <Filter>Source Files</Filter>
    </ClCompile>
    <ClCompile Include="kernel\qsignalmapper.cpp">
      <Filter>Source Files</Filter>
    </ClCompile>
    <ClCompile Include="statemachine\qsignaltransition.cpp">
      <Filter>Source Files</Filter>
    </ClCompile>
    <ClCompile Include="tools\qsimd.cpp">
      <Filter>Source Files</Filter>
    </ClCompile>
    <ClCompile Include="codecs\qsimplecodec.cpp">
      <Filter>Source Files</Filter>
    </ClCompile>
    <ClCompile Include="tools\qsize.cpp">
      <Filter>Source Files</Filter>
    </ClCompile>
    <ClCompile Include="kernel\qsocketnotifier.cpp">
      <Filter>Source Files</Filter>
    </ClCompile>
    <ClCompile Include="statemachine\qstate.cpp">
      <Filter>Source Files</Filter>
    </ClCompile>
    <ClCompile Include="statemachine\qstatemachine.cpp">
      <Filter>Source Files</Filter>
    </ClCompile>
    <ClCompile Include="tools\qstring.cpp">
      <Filter>Source Files</Filter>
    </ClCompile>
    <ClCompile Include="tools\qstringbuilder.cpp">
      <Filter>Source Files</Filter>
    </ClCompile>
    <ClCompile Include="tools\qstringlist.cpp">
      <Filter>Source Files</Filter>
    </ClCompile>
    <ClCompile Include="kernel\qsystemerror.cpp">
      <Filter>Source Files</Filter>
    </ClCompile>
    <ClCompile Include="plugin\qsystemlibrary.cpp">
      <Filter>Source Files</Filter>
    </ClCompile>
    <ClCompile Include="kernel\qsystemsemaphore.cpp">
      <Filter>Source Files</Filter>
    </ClCompile>
    <ClCompile Include="kernel\qsystemsemaphore_win.cpp">
      <Filter>Source Files</Filter>
    </ClCompile>
    <ClCompile Include="concurrent\qtconcurrentexception.cpp">
      <Filter>Source Files</Filter>
    </ClCompile>
    <ClCompile Include="concurrent\qtconcurrentfilter.cpp">
      <Filter>Source Files</Filter>
    </ClCompile>
    <ClCompile Include="concurrent\qtconcurrentiteratekernel.cpp">
      <Filter>Source Files</Filter>
    </ClCompile>
    <ClCompile Include="concurrent\qtconcurrentmap.cpp">
      <Filter>Source Files</Filter>
    </ClCompile>
    <ClCompile Include="concurrent\qtconcurrentresultstore.cpp">
      <Filter>Source Files</Filter>
    </ClCompile>
    <ClCompile Include="concurrent\qtconcurrentthreadengine.cpp">
      <Filter>Source Files</Filter>
    </ClCompile>
    <ClCompile Include="io\qtemporaryfile.cpp">
      <Filter>Source Files</Filter>
    </ClCompile>
    <ClCompile Include="tools\qtextboundaryfinder.cpp">
      <Filter>Source Files</Filter>
    </ClCompile>
    <ClCompile Include="codecs\qtextcodec.cpp">
      <Filter>Source Files</Filter>
    </ClCompile>
    <ClCompile Include="codecs\qtextcodecplugin.cpp">
      <Filter>Source Files</Filter>
    </ClCompile>
    <ClCompile Include="io\qtextstream.cpp">
      <Filter>Source Files</Filter>
    </ClCompile>
    <ClCompile Include="thread\qthread.cpp">
      <Filter>Source Files</Filter>
    </ClCompile>
    <ClCompile Include="thread\qthread_win.cpp">
      <Filter>Source Files</Filter>
    </ClCompile>
    <ClCompile Include="concurrent\qthreadpool.cpp">
      <Filter>Source Files</Filter>
    </ClCompile>
    <ClCompile Include="thread\qthreadstorage.cpp">
      <Filter>Source Files</Filter>
    </ClCompile>
    <ClCompile Include="tools\qtimeline.cpp">
      <Filter>Source Files</Filter>
    </ClCompile>
    <ClCompile Include="kernel\qtimer.cpp">
      <Filter>Source Files</Filter>
    </ClCompile>
    <ClCompile Include="io\qtldurl.cpp">
      <Filter>Source Files</Filter>
    </ClCompile>
    <ClCompile Include="kernel\qtranslator.cpp">
      <Filter>Source Files</Filter>
    </ClCompile>
    <ClCompile Include="codecs\qtsciicodec.cpp">
      <Filter>Source Files</Filter>
    </ClCompile>
    <ClCompile Include="io\qurl.cpp">
      <Filter>Source Files</Filter>
    </ClCompile>
    <ClCompile Include="codecs\qutfcodec.cpp">
      <Filter>Source Files</Filter>
    </ClCompile>
    <ClCompile Include="plugin\quuid.cpp">
      <Filter>Source Files</Filter>
    </ClCompile>
    <ClCompile Include="kernel\qvariant.cpp">
      <Filter>Source Files</Filter>
    </ClCompile>
    <ClCompile Include="animation\qvariantanimation.cpp">
      <Filter>Source Files</Filter>
    </ClCompile>
    <ClCompile Include="tools\qvector.cpp">
      <Filter>Source Files</Filter>
    </ClCompile>
    <ClCompile Include="tools\qvsnprintf.cpp">
      <Filter>Source Files</Filter>
    </ClCompile>
    <ClCompile Include="thread\qwaitcondition_win.cpp">
      <Filter>Source Files</Filter>
    </ClCompile>
    <ClCompile Include="io\qwindowspipewriter.cpp">
      <Filter>Source Files</Filter>
    </ClCompile>
    <ClCompile Include="kernel\qwineventnotifier_p.cpp">
      <Filter>Source Files</Filter>
    </ClCompile>
    <ClCompile Include="xml\qxmlstream.cpp">
      <Filter>Source Files</Filter>
    </ClCompile>
    <ClCompile Include="xml\qxmlutils.cpp">
      <Filter>Source Files</Filter>
    </ClCompile>
    <ClCompile Include="..\..\tools\shared\windows\registry.cpp">
      <Filter>Source Files</Filter>
    </ClCompile>
    <ClCompile Include="..\3rdparty\zlib\trees.c">
      <Filter>Source Files</Filter>
    </ClCompile>
    <ClCompile Include="..\3rdparty\zlib\uncompr.c">
      <Filter>Source Files</Filter>
    </ClCompile>
    <ClCompile Include="..\3rdparty\zlib\zutil.c">
      <Filter>Source Files</Filter>
    </ClCompile>
  </ItemGroup>
  <ItemGroup>
    <ClInclude Include="..\..\tools\shared\symbian\epocroot_p.h">
      <Filter>Header Files</Filter>
    </ClInclude>
    <ClInclude Include="..\3rdparty\harfbuzz\src\harfbuzz.h">
      <Filter>Header Files</Filter>
    </ClInclude>
    <CustomBuild Include="animation\qabstractanimation.h">
      <Filter>Header Files</Filter>
    </CustomBuild>
    <CustomBuild Include="animation\qabstractanimation_p.h">
      <Filter>Header Files</Filter>
    </CustomBuild>
    <CustomBuild Include="kernel\qabstracteventdispatcher.h">
      <Filter>Header Files</Filter>
    </CustomBuild>
    <ClInclude Include="kernel\qabstracteventdispatcher_p.h">
      <Filter>Header Files</Filter>
    </ClInclude>
    <ClInclude Include="io\qabstractfileengine.h">
      <Filter>Header Files</Filter>
    </ClInclude>
    <ClInclude Include="io\qabstractfileengine_p.h">
      <Filter>Header Files</Filter>
    </ClInclude>
    <CustomBuild Include="kernel\qabstractitemmodel.h">
      <Filter>Header Files</Filter>
    </CustomBuild>
    <ClInclude Include="kernel\qabstractitemmodel_p.h">
      <Filter>Header Files</Filter>
    </ClInclude>
    <CustomBuild Include="statemachine\qabstractstate.h">
      <Filter>Header Files</Filter>
    </CustomBuild>
    <ClInclude Include="statemachine\qabstractstate_p.h">
      <Filter>Header Files</Filter>
    </ClInclude>
    <CustomBuild Include="statemachine\qabstracttransition.h">
      <Filter>Header Files</Filter>
    </CustomBuild>
    <ClInclude Include="statemachine\qabstracttransition_p.h">
      <Filter>Header Files</Filter>
    </ClInclude>
    <ClInclude Include="tools\qalgorithms.h">
      <Filter>Header Files</Filter>
    </ClInclude>
    <CustomBuild Include="animation\qanimationgroup.h">
      <Filter>Header Files</Filter>
    </CustomBuild>
    <ClInclude Include="animation\qanimationgroup_p.h">
      <Filter>Header Files</Filter>
    </ClInclude>
    <ClInclude Include="thread\qatomic.h">
      <Filter>Header Files</Filter>
    </ClInclude>
    <ClInclude Include="arch\qatomic_generic.h">
      <Filter>Header Files</Filter>
    </ClInclude>
    <ClInclude Include="arch\qatomic_windows.h">
      <Filter>Header Files</Filter>
    </ClInclude>
    <ClInclude Include="kernel\qbasictimer.h">
      <Filter>Header Files</Filter>
    </ClInclude>
    <ClInclude Include="tools\qbitarray.h">
      <Filter>Header Files</Filter>
    </ClInclude>
    <CustomBuild Include="io\qbuffer.h">
      <Filter>Header Files</Filter>
    </CustomBuild>
    <ClInclude Include="tools\qbytearray.h">
      <Filter>Header Files</Filter>
    </ClInclude>
    <ClInclude Include="tools\qbytearraymatcher.h">
      <Filter>Header Files</Filter>
    </ClInclude>
    <ClInclude Include="tools\qbytedata_p.h">
      <Filter>Header Files</Filter>
    </ClInclude>
    <ClInclude Include="tools\qcache.h">
      <Filter>Header Files</Filter>
    </ClInclude>
    <ClInclude Include="tools\qchar.h">
      <Filter>Header Files</Filter>
    </ClInclude>
    <ClInclude Include="tools\qcontainerfwd.h">
      <Filter>Header Files</Filter>
    </ClInclude>
    <ClInclude Include="tools\qcontiguouscache.h">
      <Filter>Header Files</Filter>
    </ClInclude>
    <CustomBuild Include="kernel\qcoreapplication.h">
      <Filter>Header Files</Filter>
    </CustomBuild>
    <ClInclude Include="kernel\qcoreapplication_p.h">
      <Filter>Header Files</Filter>
    </ClInclude>
    <ClInclude Include="kernel\qcorecmdlineargs_p.h">
      <Filter>Header Files</Filter>
    </ClInclude>
    <CustomBuild Include="kernel\qcoreevent.h">
      <Filter>Header Files</Filter>
    </CustomBuild>
    <ClInclude Include="kernel\qcoreglobaldata_p.h">
      <Filter>Header Files</Filter>
    </ClInclude>
    <ClInclude Include="tools\qcryptographichash.h">
      <Filter>Header Files</Filter>
    </ClInclude>
    <ClInclude Include="io\qdatastream.h">
      <Filter>Header Files</Filter>
    </ClInclude>
    <ClInclude Include="io\qdatastream_p.h">
      <Filter>Header Files</Filter>
    </ClInclude>
    <ClInclude Include="io\qdataurl_p.h">
      <Filter>Header Files</Filter>
    </ClInclude>
    <ClInclude Include="tools\qdatetime.h">
      <Filter>Header Files</Filter>
    </ClInclude>
    <ClInclude Include="tools\qdatetime_p.h">
      <Filter>Header Files</Filter>
    </ClInclude>
    <ClInclude Include="io\qdebug.h">
      <Filter>Header Files</Filter>
    </ClInclude>
    <ClInclude Include="io\qdir.h">
      <Filter>Header Files</Filter>
    </ClInclude>
    <ClInclude Include="io\qdir_p.h">
      <Filter>Header Files</Filter>
    </ClInclude>
    <ClInclude Include="io\qdiriterator.h">
      <Filter>Header Files</Filter>
    </ClInclude>
    <CustomBuild Include="tools\qeasingcurve.h">
      <Filter>Header Files</Filter>
    </CustomBuild>
    <ClInclude Include="tools\qelapsedtimer.h">
      <Filter>Header Files</Filter>
    </ClInclude>
    <ClInclude Include="plugin\qelfparser_p.h">
      <Filter>Header Files</Filter>
    </ClInclude>
    <ClInclude Include="global\qendian.h">
      <Filter>Header Files</Filter>
    </ClInclude>
    <CustomBuild Include="kernel\qeventdispatcher_win_p.h">
      <Filter>Header Files</Filter>
    </CustomBuild>
    <CustomBuild Include="kernel\qeventloop.h">
      <Filter>Header Files</Filter>
    </CustomBuild>
    <CustomBuild Include="statemachine\qeventtransition.h">
      <Filter>Header Files</Filter>
    </CustomBuild>
    <ClInclude Include="statemachine\qeventtransition_p.h">
      <Filter>Header Files</Filter>
    </ClInclude>
    <ClInclude Include="plugin\qfactoryinterface.h">
      <Filter>Header Files</Filter>
    </ClInclude>
    <CustomBuild Include="plugin\qfactoryloader_p.h">
      <Filter>Header Files</Filter>
    </CustomBuild>
    <CustomBuild Include="io\qfile.h">
      <Filter>Header Files</Filter>
    </CustomBuild>
    <ClInclude Include="io\qfileinfo.h">
      <Filter>Header Files</Filter>
    </ClInclude>
    <ClInclude Include="io\qfileinfo_p.h">
      <Filter>Header Files</Filter>
    </ClInclude>
    <ClInclude Include="io\qfilesystemengine_p.h">
      <Filter>Header Files</Filter>
    </ClInclude>
    <ClInclude Include="io\qfilesystementry_p.h">
      <Filter>Header Files</Filter>
    </ClInclude>
    <ClInclude Include="io\qfilesystemiterator_p.h">
      <Filter>Header Files</Filter>
    </ClInclude>
    <ClInclude Include="io\qfilesystemmetadata_p.h">
      <Filter>Header Files</Filter>
    </ClInclude>
    <CustomBuild Include="io\qfilesystemwatcher.h">
      <Filter>Header Files</Filter>
    </CustomBuild>
    <CustomBuild Include="io\qfilesystemwatcher_p.h">
      <Filter>Header Files</Filter>
    </CustomBuild>
    <CustomBuild Include="io\qfilesystemwatcher_win_p.h">
      <Filter>Header Files</Filter>
    </CustomBuild>
    <CustomBuild Include="statemachine\qfinalstate.h">
      <Filter>Header Files</Filter>
    </CustomBuild>
    <ClInclude Include="io\qfsfileengine.h">
      <Filter>Header Files</Filter>
    </ClInclude>
    <ClInclude Include="io\qfsfileengine_iterator_p.h">
      <Filter>Header Files</Filter>
    </ClInclude>
    <ClInclude Include="io\qfsfileengine_p.h">
      <Filter>Header Files</Filter>
    </ClInclude>
    <ClInclude Include="kernel\qfunctions_p.h">
      <Filter>Header Files</Filter>
    </ClInclude>
    <ClInclude Include="concurrent\qfuture.h">
      <Filter>Header Files</Filter>
    </ClInclude>
    <ClInclude Include="concurrent\qfutureinterface.h">
      <Filter>Header Files</Filter>
    </ClInclude>
    <ClInclude Include="concurrent\qfutureinterface_p.h">
      <Filter>Header Files</Filter>
    </ClInclude>
    <ClInclude Include="concurrent\qfuturesynchronizer.h">
      <Filter>Header Files</Filter>
    </ClInclude>
    <CustomBuild Include="concurrent\qfuturewatcher.h">
      <Filter>Header Files</Filter>
    </CustomBuild>
    <ClInclude Include="concurrent\qfuturewatcher_p.h">
      <Filter>Header Files</Filter>
    </ClInclude>
    <ClInclude Include="global\qglobal.h">
      <Filter>Header Files</Filter>
    </ClInclude>
    <ClInclude Include="tools\qharfbuzz_p.h">
      <Filter>Header Files</Filter>
    </ClInclude>
    <ClInclude Include="tools\qhash.h">
      <Filter>Header Files</Filter>
    </ClInclude>
    <CustomBuild Include="statemachine\qhistorystate.h">
      <Filter>Header Files</Filter>
    </CustomBuild>
    <ClInclude Include="statemachine\qhistorystate_p.h">
      <Filter>Header Files</Filter>
    </ClInclude>
    <CustomBuild Include="io\qiodevice.h">
      <Filter>Header Files</Filter>
    </CustomBuild>
    <ClInclude Include="io\qiodevice_p.h">
      <Filter>Header Files</Filter>
    </ClInclude>
    <ClInclude Include="codecs\qisciicodec_p.h">
      <Filter>Header Files</Filter>
    </ClInclude>
    <ClInclude Include="codecs\qlatincodec_p.h">
      <Filter>Header Files</Filter>
    </ClInclude>
    <CustomBuild Include="plugin\qlibrary.h">
      <Filter>Header Files</Filter>
    </CustomBuild>
    <ClInclude Include="plugin\qlibrary_p.h">
      <Filter>Header Files</Filter>
    </ClInclude>
    <ClInclude Include="tools\qline.h">
      <Filter>Header Files</Filter>
    </ClInclude>
    <ClInclude Include="tools\qlinkedlist.h">
      <Filter>Header Files</Filter>
    </ClInclude>
    <ClInclude Include="tools\qlist.h">
      <Filter>Header Files</Filter>
    </ClInclude>
    <CustomBuild Include="tools\qlocale.h">
      <Filter>Header Files</Filter>
    </CustomBuild>
    <ClInclude Include="tools\qlocale_data_p.h">
      <Filter>Header Files</Filter>
    </ClInclude>
    <ClInclude Include="tools\qlocale_p.h">
      <Filter>Header Files</Filter>
    </ClInclude>
    <ClInclude Include="tools\qlocale_tools_p.h">
      <Filter>Header Files</Filter>
    </ClInclude>
    <ClInclude Include="tools\qmap.h">
      <Filter>Header Files</Filter>
    </ClInclude>
    <ClInclude Include="tools\qmargins.h">
      <Filter>Header Files</Filter>
    </ClInclude>
    <ClInclude Include="kernel\qmath.h">
      <Filter>Header Files</Filter>
    </ClInclude>
    <ClInclude Include="kernel\qmetaobject.h">
      <Filter>Header Files</Filter>
    </ClInclude>
    <ClInclude Include="kernel\qmetaobject_p.h">
      <Filter>Header Files</Filter>
    </ClInclude>
    <ClInclude Include="kernel\qmetatype.h">
      <Filter>Header Files</Filter>
    </ClInclude>
    <CustomBuild Include="kernel\qmimedata.h">
      <Filter>Header Files</Filter>
    </CustomBuild>
    <ClInclude Include="thread\qmutex.h">
      <Filter>Header Files</Filter>
    </ClInclude>
    <ClInclude Include="thread\qmutex_p.h">
      <Filter>Header Files</Filter>
    </ClInclude>
    <ClInclude Include="thread\qmutexpool_p.h">
      <Filter>Header Files</Filter>
    </ClInclude>
    <CustomBuild Include="global\qnamespace.h">
      <Filter>Header Files</Filter>
    </CustomBuild>
    <CustomBuild Include="io\qnoncontiguousbytedevice_p.h">
      <Filter>Header Files</Filter>
    </CustomBuild>
    <ClInclude Include="global\qnumeric.h">
      <Filter>Header Files</Filter>
    </ClInclude>
    <ClInclude Include="global\qnumeric_p.h">
      <Filter>Header Files</Filter>
    </ClInclude>
    <CustomBuild Include="kernel\qobject.h">
      <Filter>Header Files</Filter>
    </CustomBuild>
    <ClInclude Include="kernel\qobject_p.h">
      <Filter>Header Files</Filter>
    </ClInclude>
    <CustomBuild Include="kernel\qobjectcleanuphandler.h">
      <Filter>Header Files</Filter>
    </CustomBuild>
    <ClInclude Include="kernel\qobjectdefs.h">
      <Filter>Header Files</Filter>
    </ClInclude>
    <ClInclude Include="thread\qorderedmutexlocker_p.h">
      <Filter>Header Files</Filter>
    </ClInclude>
    <CustomBuild Include="animation\qparallelanimationgroup.h">
      <Filter>Header Files</Filter>
    </CustomBuild>
    <ClInclude Include="animation\qparallelanimationgroup_p.h">
      <Filter>Header Files</Filter>
    </ClInclude>
    <CustomBuild Include="animation\qpauseanimation.h">
      <Filter>Header Files</Filter>
    </CustomBuild>
    <ClInclude Include="plugin\qplugin.h">
      <Filter>Header Files</Filter>
    </ClInclude>
    <CustomBuild Include="plugin\qpluginloader.h">
      <Filter>Header Files</Filter>
    </CustomBuild>
    <ClInclude Include="tools\qpodlist_p.h">
      <Filter>Header Files</Filter>
    </ClInclude>
    <ClInclude Include="tools\qpoint.h">
      <Filter>Header Files</Filter>
    </ClInclude>
    <ClInclude Include="kernel\qpointer.h">
      <Filter>Header Files</Filter>
    </ClInclude>
    <CustomBuild Include="io\qprocess.h">
      <Filter>Header Files</Filter>
    </CustomBuild>
    <ClInclude Include="io\qprocess_p.h">
      <Filter>Header Files</Filter>
    </ClInclude>
    <CustomBuild Include="animation\qpropertyanimation.h">
      <Filter>Header Files</Filter>
    </CustomBuild>
    <ClInclude Include="animation\qpropertyanimation_p.h">
      <Filter>Header Files</Filter>
    </ClInclude>
    <ClInclude Include="tools\qqueue.h">
      <Filter>Header Files</Filter>
    </ClInclude>
    <ClInclude Include="thread\qreadwritelock.h">
      <Filter>Header Files</Filter>
    </ClInclude>
    <ClInclude Include="thread\qreadwritelock_p.h">
      <Filter>Header Files</Filter>
    </ClInclude>
    <ClInclude Include="tools\qrect.h">
      <Filter>Header Files</Filter>
    </ClInclude>
    <ClInclude Include="tools\qregexp.h">
      <Filter>Header Files</Filter>
    </ClInclude>
    <ClInclude Include="io\qresource_iterator_p.h">
      <Filter>Header Files</Filter>
    </ClInclude>
    <ClInclude Include="io\qresource_p.h">
      <Filter>Header Files</Filter>
    </ClInclude>
    <ClInclude Include="tools\qringbuffer_p.h">
      <Filter>Header Files</Filter>
    </ClInclude>
    <ClInclude Include="concurrent\qrunnable.h">
      <Filter>Header Files</Filter>
    </ClInclude>
    <ClInclude Include="tools\qscopedpointer.h">
      <Filter>Header Files</Filter>
    </ClInclude>
    <ClInclude Include="tools\qscopedpointer_p.h">
      <Filter>Header Files</Filter>
    </ClInclude>
    <ClInclude Include="tools\qscopedvaluerollback.h">
      <Filter>Header Files</Filter>
    </ClInclude>
    <ClInclude Include="thread\qsemaphore.h">
      <Filter>Header Files</Filter>
    </ClInclude>
    <CustomBuild Include="animation\qsequentialanimationgroup.h">
      <Filter>Header Files</Filter>
    </CustomBuild>
    <ClInclude Include="animation\qsequentialanimationgroup_p.h">
      <Filter>Header Files</Filter>
    </ClInclude>
    <ClInclude Include="tools\qset.h">
      <Filter>Header Files</Filter>
    </ClInclude>
    <CustomBuild Include="io\qsettings.h">
      <Filter>Header Files</Filter>
    </CustomBuild>
    <ClInclude Include="io\qsettings_p.h">
      <Filter>Header Files</Filter>
    </ClInclude>
    <ClInclude Include="tools\qshareddata.h">
      <Filter>Header Files</Filter>
    </ClInclude>
    <CustomBuild Include="kernel\qsharedmemory.h">
      <Filter>Header Files</Filter>
    </CustomBuild>
    <ClInclude Include="kernel\qsharedmemory_p.h">
      <Filter>Header Files</Filter>
    </ClInclude>
    <ClInclude Include="tools\qsharedpointer.h">
      <Filter>Header Files</Filter>
    </ClInclude>
    <ClInclude Include="tools\qsharedpointer_impl.h">
      <Filter>Header Files</Filter>
    </ClInclude>
    <ClInclude Include="statemachine\qsignaleventgenerator_p.h">
      <Filter>Header Files</Filter>
    </ClInclude>
    <CustomBuild Include="kernel\qsignalmapper.h">
      <Filter>Header Files</Filter>
    </CustomBuild>
    <CustomBuild Include="statemachine\qsignaltransition.h">
      <Filter>Header Files</Filter>
    </CustomBuild>
    <ClInclude Include="statemachine\qsignaltransition_p.h">
      <Filter>Header Files</Filter>
    </ClInclude>
    <ClInclude Include="tools\qsimd_p.h">
      <Filter>Header Files</Filter>
    </ClInclude>
    <ClInclude Include="codecs\qsimplecodec_p.h">
      <Filter>Header Files</Filter>
    </ClInclude>
    <ClInclude Include="tools\qsize.h">
      <Filter>Header Files</Filter>
    </ClInclude>
    <CustomBuild Include="kernel\qsocketnotifier.h">
      <Filter>Header Files</Filter>
    </CustomBuild>
    <ClInclude Include="tools\qstack.h">
      <Filter>Header Files</Filter>
    </ClInclude>
    <CustomBuild Include="statemachine\qstate.h">
      <Filter>Header Files</Filter>
    </CustomBuild>
    <ClInclude Include="statemachine\qstate_p.h">
      <Filter>Header Files</Filter>
    </ClInclude>
    <CustomBuild Include="statemachine\qstatemachine.h">
      <Filter>Header Files</Filter>
    </CustomBuild>
    <ClInclude Include="statemachine\qstatemachine_p.h">
      <Filter>Header Files</Filter>
    </ClInclude>
    <ClInclude Include="tools\qstring.h">
      <Filter>Header Files</Filter>
    </ClInclude>
    <ClInclude Include="tools\qstringbuilder.h">
      <Filter>Header Files</Filter>
    </ClInclude>
    <ClInclude Include="tools\qstringlist.h">
      <Filter>Header Files</Filter>
    </ClInclude>
    <ClInclude Include="tools\qstringmatcher.h">
      <Filter>Header Files</Filter>
    </ClInclude>
    <ClInclude Include="kernel\qsystemerror_p.h">
      <Filter>Header Files</Filter>
    </ClInclude>
    <ClInclude Include="plugin\qsystemlibrary_p.h">
      <Filter>Header Files</Filter>
    </ClInclude>
    <ClInclude Include="kernel\qsystemsemaphore.h">
      <Filter>Header Files</Filter>
    </ClInclude>
    <ClInclude Include="kernel\qsystemsemaphore_p.h">
      <Filter>Header Files</Filter>
    </ClInclude>
    <CustomBuild Include="global\qt_pch.h">
      <Filter>Header Files</Filter>
    </CustomBuild>
    <ClInclude Include="concurrent\qtconcurrentcompilertest.h">
      <Filter>Header Files</Filter>
    </ClInclude>
    <ClInclude Include="concurrent\qtconcurrentexception.h">
      <Filter>Header Files</Filter>
    </ClInclude>
    <ClInclude Include="concurrent\qtconcurrentfilter.h">
      <Filter>Header Files</Filter>
    </ClInclude>
    <ClInclude Include="concurrent\qtconcurrentfilterkernel.h">
      <Filter>Header Files</Filter>
    </ClInclude>
    <ClInclude Include="concurrent\qtconcurrentfunctionwrappers.h">
      <Filter>Header Files</Filter>
    </ClInclude>
    <ClInclude Include="concurrent\qtconcurrentiteratekernel.h">
      <Filter>Header Files</Filter>
    </ClInclude>
    <ClInclude Include="concurrent\qtconcurrentmap.h">
      <Filter>Header Files</Filter>
    </ClInclude>
    <ClInclude Include="concurrent\qtconcurrentmapkernel.h">
      <Filter>Header Files</Filter>
    </ClInclude>
    <ClInclude Include="concurrent\qtconcurrentmedian.h">
      <Filter>Header Files</Filter>
    </ClInclude>
    <ClInclude Include="concurrent\qtconcurrentreducekernel.h">
      <Filter>Header Files</Filter>
    </ClInclude>
    <ClInclude Include="concurrent\qtconcurrentresultstore.h">
      <Filter>Header Files</Filter>
    </ClInclude>
    <ClInclude Include="concurrent\qtconcurrentrun.h">
      <Filter>Header Files</Filter>
    </ClInclude>
    <ClInclude Include="concurrent\qtconcurrentrunbase.h">
      <Filter>Header Files</Filter>
    </ClInclude>
    <ClInclude Include="concurrent\qtconcurrentstoredfunctioncall.h">
      <Filter>Header Files</Filter>
    </ClInclude>
    <ClInclude Include="concurrent\qtconcurrentthreadengine.h">
      <Filter>Header Files</Filter>
    </ClInclude>
    <CustomBuild Include="io\qtemporaryfile.h">
      <Filter>Header Files</Filter>
    </CustomBuild>
    <ClInclude Include="tools\qtextboundaryfinder.h">
      <Filter>Header Files</Filter>
    </ClInclude>
    <ClInclude Include="codecs\qtextcodec.h">
      <Filter>Header Files</Filter>
    </ClInclude>
    <ClInclude Include="codecs\qtextcodec_p.h">
      <Filter>Header Files</Filter>
    </ClInclude>
    <CustomBuild Include="codecs\qtextcodecplugin.h">
      <Filter>Header Files</Filter>
    </CustomBuild>
    <ClInclude Include="io\qtextstream.h">
      <Filter>Header Files</Filter>
    </ClInclude>
    <CustomBuild Include="thread\qthread.h">
      <Filter>Header Files</Filter>
    </CustomBuild>
    <ClInclude Include="thread\qthread_p.h">
      <Filter>Header Files</Filter>
    </ClInclude>
    <CustomBuild Include="concurrent\qthreadpool.h">
      <Filter>Header Files</Filter>
    </CustomBuild>
    <ClInclude Include="concurrent\qthreadpool_p.h">
      <Filter>Header Files</Filter>
    </ClInclude>
    <ClInclude Include="thread\qthreadstorage.h">
      <Filter>Header Files</Filter>
    </ClInclude>
    <CustomBuild Include="tools\qtimeline.h">
      <Filter>Header Files</Filter>
    </CustomBuild>
    <CustomBuild Include="kernel\qtimer.h">
      <Filter>Header Files</Filter>
    </CustomBuild>
    <ClInclude Include="io\qtldurl_p.h">
      <Filter>Header Files</Filter>
    </ClInclude>
    <CustomBuild Include="kernel\qtranslator.h">
      <Filter>Header Files</Filter>
    </CustomBuild>
    <ClInclude Include="kernel\qtranslator_p.h">
      <Filter>Header Files</Filter>
    </ClInclude>
    <ClInclude Include="codecs\qtsciicodec_p.h">
      <Filter>Header Files</Filter>
    </ClInclude>
    <ClInclude Include="tools\qunicodetables_p.h">
      <Filter>Header Files</Filter>
    </ClInclude>
    <ClInclude Include="io\qurl.h">
      <Filter>Header Files</Filter>
    </ClInclude>
    <ClInclude Include="io\qurltlds_p.h">
      <Filter>Header Files</Filter>
    </ClInclude>
    <ClInclude Include="codecs\qutfcodec_p.h">
      <Filter>Header Files</Filter>
    </ClInclude>
    <ClInclude Include="plugin\quuid.h">
      <Filter>Header Files</Filter>
    </ClInclude>
    <ClInclude Include="kernel\qvariant.h">
      <Filter>Header Files</Filter>
    </ClInclude>
    <ClInclude Include="kernel\qvariant_p.h">
      <Filter>Header Files</Filter>
    </ClInclude>
    <CustomBuild Include="animation\qvariantanimation.h">
      <Filter>Header Files</Filter>
    </CustomBuild>
    <ClInclude Include="animation\qvariantanimation_p.h">
      <Filter>Header Files</Filter>
    </ClInclude>
    <ClInclude Include="tools\qvarlengtharray.h">
      <Filter>Header Files</Filter>
    </ClInclude>
    <ClInclude Include="tools\qvector.h">
      <Filter>Header Files</Filter>
    </ClInclude>
    <ClInclude Include="thread\qwaitcondition.h">
      <Filter>Header Files</Filter>
    </ClInclude>
    <CustomBuild Include="io\qwindowspipewriter_p.h">
      <Filter>Header Files</Filter>
    </CustomBuild>
    <CustomBuild Include="kernel\qwineventnotifier_p.h">
      <Filter>Header Files</Filter>
    </CustomBuild>
    <ClInclude Include="xml\qxmlstream.h">
      <Filter>Header Files</Filter>
    </ClInclude>
    <ClInclude Include="xml\qxmlstream_p.h">
      <Filter>Header Files</Filter>
    </ClInclude>
    <ClInclude Include="xml\qxmlutils_p.h">
      <Filter>Header Files</Filter>
    </ClInclude>
    <ClInclude Include="..\..\tools\shared\windows\registry_p.h">
      <Filter>Header Files</Filter>
    </ClInclude>
  </ItemGroup>
  <ItemGroup>
    <CustomBuild Include="tmp\obj\release_shared\QtCore_resource.res">
      <Filter>Generated Files</Filter>
    </CustomBuild>
    <CustomBuild Include="tmp\obj\debug_shared\QtCored_resource.res">
      <Filter>Generated Files</Filter>
    </CustomBuild>
    <ClCompile Include="tmp\moc\debug_shared\moc_qabstractanimation_p.cpp">
      <Filter>Generated Files</Filter>
    </ClCompile>
    <ClCompile Include="tmp\moc\release_shared\moc_qabstractanimation_p.cpp">
      <Filter>Generated Files</Filter>
    </ClCompile>
    <ClCompile Include="tmp\moc\debug_shared\moc_qabstracteventdispatcher.cpp">
      <Filter>Generated Files</Filter>
    </ClCompile>
    <ClCompile Include="tmp\moc\release_shared\moc_qabstracteventdispatcher.cpp">
      <Filter>Generated Files</Filter>
    </ClCompile>
    <ClCompile Include="tmp\moc\debug_shared\moc_qabstractitemmodel.cpp">
      <Filter>Generated Files</Filter>
    </ClCompile>
    <ClCompile Include="tmp\moc\release_shared\moc_qabstractitemmodel.cpp">
      <Filter>Generated Files</Filter>
    </ClCompile>
    <ClCompile Include="tmp\moc\debug_shared\moc_qabstractstate.cpp">
      <Filter>Generated Files</Filter>
    </ClCompile>
    <ClCompile Include="tmp\moc\release_shared\moc_qabstractstate.cpp">
      <Filter>Generated Files</Filter>
    </ClCompile>
    <ClCompile Include="tmp\moc\debug_shared\moc_qabstracttransition.cpp">
      <Filter>Generated Files</Filter>
    </ClCompile>
    <ClCompile Include="tmp\moc\release_shared\moc_qabstracttransition.cpp">
      <Filter>Generated Files</Filter>
    </ClCompile>
    <ClCompile Include="tmp\moc\debug_shared\moc_qcoreapplication.cpp">
      <Filter>Generated Files</Filter>
    </ClCompile>
    <ClCompile Include="tmp\moc\release_shared\moc_qcoreapplication.cpp">
      <Filter>Generated Files</Filter>
    </ClCompile>
    <ClCompile Include="tmp\moc\debug_shared\moc_qcoreevent.cpp">
      <Filter>Generated Files</Filter>
    </ClCompile>
    <ClCompile Include="tmp\moc\release_shared\moc_qcoreevent.cpp">
      <Filter>Generated Files</Filter>
    </ClCompile>
    <ClCompile Include="tmp\moc\debug_shared\moc_qeasingcurve.cpp">
      <Filter>Generated Files</Filter>
    </ClCompile>
    <ClCompile Include="tmp\moc\release_shared\moc_qeasingcurve.cpp">
      <Filter>Generated Files</Filter>
    </ClCompile>
    <ClCompile Include="tmp\moc\debug_shared\moc_qeventdispatcher_win_p.cpp">
      <Filter>Generated Files</Filter>
    </ClCompile>
    <ClCompile Include="tmp\moc\release_shared\moc_qeventdispatcher_win_p.cpp">
      <Filter>Generated Files</Filter>
    </ClCompile>
    <ClCompile Include="tmp\moc\debug_shared\moc_qeventloop.cpp">
      <Filter>Generated Files</Filter>
    </ClCompile>
    <ClCompile Include="tmp\moc\release_shared\moc_qeventloop.cpp">
      <Filter>Generated Files</Filter>
    </ClCompile>
    <ClCompile Include="tmp\moc\debug_shared\moc_qeventtransition.cpp">
      <Filter>Generated Files</Filter>
    </ClCompile>
    <ClCompile Include="tmp\moc\release_shared\moc_qeventtransition.cpp">
      <Filter>Generated Files</Filter>
    </ClCompile>
    <ClCompile Include="tmp\moc\debug_shared\moc_qfactoryloader_p.cpp">
      <Filter>Generated Files</Filter>
    </ClCompile>
    <ClCompile Include="tmp\moc\release_shared\moc_qfactoryloader_p.cpp">
      <Filter>Generated Files</Filter>
    </ClCompile>
    <ClCompile Include="tmp\moc\debug_shared\moc_qfile.cpp">
      <Filter>Generated Files</Filter>
    </ClCompile>
    <ClCompile Include="tmp\moc\release_shared\moc_qfile.cpp">
      <Filter>Generated Files</Filter>
    </ClCompile>
    <ClCompile Include="tmp\moc\debug_shared\moc_qfilesystemwatcher_p.cpp">
      <Filter>Generated Files</Filter>
    </ClCompile>
    <ClCompile Include="tmp\moc\release_shared\moc_qfilesystemwatcher_p.cpp">
      <Filter>Generated Files</Filter>
    </ClCompile>
    <ClCompile Include="tmp\moc\debug_shared\moc_qfilesystemwatcher_win_p.cpp">
      <Filter>Generated Files</Filter>
    </ClCompile>
    <ClCompile Include="tmp\moc\release_shared\moc_qfilesystemwatcher_win_p.cpp">
      <Filter>Generated Files</Filter>
    </ClCompile>
    <ClCompile Include="tmp\moc\debug_shared\moc_qfinalstate.cpp">
      <Filter>Generated Files</Filter>
    </ClCompile>
    <ClCompile Include="tmp\moc\release_shared\moc_qfinalstate.cpp">
      <Filter>Generated Files</Filter>
    </ClCompile>
    <ClCompile Include="tmp\moc\debug_shared\moc_qfuturewatcher.cpp">
      <Filter>Generated Files</Filter>
    </ClCompile>
    <ClCompile Include="tmp\moc\release_shared\moc_qfuturewatcher.cpp">
      <Filter>Generated Files</Filter>
    </ClCompile>
    <ClCompile Include="tmp\moc\debug_shared\moc_qhistorystate.cpp">
      <Filter>Generated Files</Filter>
    </ClCompile>
    <ClCompile Include="tmp\moc\release_shared\moc_qhistorystate.cpp">
      <Filter>Generated Files</Filter>
    </ClCompile>
    <ClCompile Include="tmp\moc\debug_shared\moc_qiodevice.cpp">
      <Filter>Generated Files</Filter>
    </ClCompile>
    <ClCompile Include="tmp\moc\release_shared\moc_qiodevice.cpp">
      <Filter>Generated Files</Filter>
    </ClCompile>
    <ClCompile Include="tmp\moc\debug_shared\moc_qlibrary.cpp">
      <Filter>Generated Files</Filter>
    </ClCompile>
    <ClCompile Include="tmp\moc\release_shared\moc_qlibrary.cpp">
      <Filter>Generated Files</Filter>
    </ClCompile>
    <ClCompile Include="tmp\moc\debug_shared\moc_qlocale.cpp">
      <Filter>Generated Files</Filter>
    </ClCompile>
    <ClCompile Include="tmp\moc\release_shared\moc_qlocale.cpp">
      <Filter>Generated Files</Filter>
    </ClCompile>
    <ClCompile Include="tmp\moc\debug_shared\moc_qmimedata.cpp">
      <Filter>Generated Files</Filter>
    </ClCompile>
    <ClCompile Include="tmp\moc\release_shared\moc_qmimedata.cpp">
      <Filter>Generated Files</Filter>
    </ClCompile>
    <ClCompile Include="tmp\moc\debug_shared\moc_qnamespace.cpp">
      <Filter>Generated Files</Filter>
    </ClCompile>
    <ClCompile Include="tmp\moc\release_shared\moc_qnamespace.cpp">
      <Filter>Generated Files</Filter>
    </ClCompile>
    <ClCompile Include="tmp\moc\debug_shared\moc_qnoncontiguousbytedevice_p.cpp">
      <Filter>Generated Files</Filter>
    </ClCompile>
    <ClCompile Include="tmp\moc\release_shared\moc_qnoncontiguousbytedevice_p.cpp">
      <Filter>Generated Files</Filter>
    </ClCompile>
    <ClCompile Include="tmp\moc\debug_shared\moc_qobjectcleanuphandler.cpp">
      <Filter>Generated Files</Filter>
    </ClCompile>
    <ClCompile Include="tmp\moc\release_shared\moc_qobjectcleanuphandler.cpp">
      <Filter>Generated Files</Filter>
    </ClCompile>
    <ClCompile Include="tmp\moc\debug_shared\moc_qpluginloader.cpp">
      <Filter>Generated Files</Filter>
    </ClCompile>
    <ClCompile Include="tmp\moc\release_shared\moc_qpluginloader.cpp">
      <Filter>Generated Files</Filter>
    </ClCompile>
    <ClCompile Include="tmp\moc\debug_shared\moc_qsettings.cpp">
      <Filter>Generated Files</Filter>
    </ClCompile>
    <ClCompile Include="tmp\moc\release_shared\moc_qsettings.cpp">
      <Filter>Generated Files</Filter>
    </ClCompile>
    <ClCompile Include="tmp\moc\debug_shared\moc_qsharedmemory.cpp">
      <Filter>Generated Files</Filter>
    </ClCompile>
    <ClCompile Include="tmp\moc\release_shared\moc_qsharedmemory.cpp">
      <Filter>Generated Files</Filter>
    </ClCompile>
    <ClCompile Include="tmp\moc\debug_shared\moc_qsignaltransition.cpp">
      <Filter>Generated Files</Filter>
    </ClCompile>
    <ClCompile Include="tmp\moc\release_shared\moc_qsignaltransition.cpp">
      <Filter>Generated Files</Filter>
    </ClCompile>
    <ClCompile Include="tmp\moc\debug_shared\moc_qsocketnotifier.cpp">
      <Filter>Generated Files</Filter>
    </ClCompile>
    <ClCompile Include="tmp\moc\release_shared\moc_qsocketnotifier.cpp">
      <Filter>Generated Files</Filter>
    </ClCompile>
    <ClCompile Include="tmp\moc\debug_shared\moc_qstate.cpp">
      <Filter>Generated Files</Filter>
    </ClCompile>
    <ClCompile Include="tmp\moc\release_shared\moc_qstate.cpp">
      <Filter>Generated Files</Filter>
    </ClCompile>
    <ClCompile Include="tmp\moc\debug_shared\moc_qtemporaryfile.cpp">
      <Filter>Generated Files</Filter>
    </ClCompile>
    <ClCompile Include="tmp\moc\release_shared\moc_qtemporaryfile.cpp">
      <Filter>Generated Files</Filter>
    </ClCompile>
    <ClCompile Include="tmp\moc\debug_shared\moc_qtextcodecplugin.cpp">
      <Filter>Generated Files</Filter>
    </ClCompile>
    <ClCompile Include="tmp\moc\release_shared\moc_qtextcodecplugin.cpp">
      <Filter>Generated Files</Filter>
    </ClCompile>
    <ClCompile Include="tmp\moc\debug_shared\moc_qthread.cpp">
      <Filter>Generated Files</Filter>
    </ClCompile>
    <ClCompile Include="tmp\moc\release_shared\moc_qthread.cpp">
      <Filter>Generated Files</Filter>
    </ClCompile>
    <ClCompile Include="tmp\moc\debug_shared\moc_qthreadpool.cpp">
      <Filter>Generated Files</Filter>
    </ClCompile>
    <ClCompile Include="tmp\moc\release_shared\moc_qthreadpool.cpp">
      <Filter>Generated Files</Filter>
    </ClCompile>
    <ClCompile Include="tmp\moc\debug_shared\moc_qtimeline.cpp">
      <Filter>Generated Files</Filter>
    </ClCompile>
    <ClCompile Include="tmp\moc\release_shared\moc_qtimeline.cpp">
      <Filter>Generated Files</Filter>
    </ClCompile>
    <ClCompile Include="tmp\moc\debug_shared\moc_qtimer.cpp">
      <Filter>Generated Files</Filter>
    </ClCompile>
    <ClCompile Include="tmp\moc\release_shared\moc_qtimer.cpp">
      <Filter>Generated Files</Filter>
    </ClCompile>
    <ClCompile Include="tmp\moc\debug_shared\moc_qtranslator.cpp">
      <Filter>Generated Files</Filter>
    </ClCompile>
    <ClCompile Include="tmp\moc\release_shared\moc_qtranslator.cpp">
      <Filter>Generated Files</Filter>
    </ClCompile>
    <ClCompile Include="tmp\moc\debug_shared\moc_qwindowspipewriter_p.cpp">
      <Filter>Generated Files</Filter>
    </ClCompile>
    <ClCompile Include="tmp\moc\release_shared\moc_qwindowspipewriter_p.cpp">
      <Filter>Generated Files</Filter>
    </ClCompile>
    <ClCompile Include="tmp\moc\debug_shared\moc_qwineventnotifier_p.cpp">
      <Filter>Generated Files</Filter>
    </ClCompile>
    <ClCompile Include="tmp\moc\release_shared\moc_qwineventnotifier_p.cpp">
      <Filter>Generated Files</Filter>
    </ClCompile>
    <CustomBuild Include="tmp\moc\debug_shared\qfilesystemwatcher.moc">
      <Filter>Generated Files</Filter>
    </CustomBuild>
    <CustomBuild Include="tmp\moc\release_shared\qfilesystemwatcher.moc">
      <Filter>Generated Files</Filter>
    </CustomBuild>
    <ClCompile Include="global\qt_pch.h.cpp">
      <Filter>Generated Files</Filter>
    </ClCompile>
    <CustomBuild Include="tmp\moc\debug_shared\qtextstream.moc">
      <Filter>Generated Files</Filter>
    </CustomBuild>
    <CustomBuild Include="tmp\moc\release_shared\qtextstream.moc">
      <Filter>Generated Files</Filter>
    </CustomBuild>
    <CustomBuild Include="tmp\moc\debug_shared\qtimer.moc">
      <Filter>Generated Files</Filter>
    </CustomBuild>
    <CustomBuild Include="tmp\moc\release_shared\qtimer.moc">
      <Filter>Generated Files</Filter>
    </CustomBuild>
  </ItemGroup>
  <ItemGroup>
    <ResourceCompile Include="c:\Qt\4.8.0\src\corelib\QtCore_resource.rc" />
    <ResourceCompile Include="c:\Qt\4.8.0\src\corelib\QtCored_resource.rc" />
  </ItemGroup>
</Project>